schema: '2.0'
stages:
  data_collection:
    cmd: python src/data_collection.py
    deps:
    - path: src/data_collection.py
      hash: md5
      md5: d4391ce3aa8a6b81ea114bb19ca5c233
      size: 2649
    params:
      params.yaml:
        data_collection.test_size: 0.2
    outs:
    - path: data/raw
      hash: md5
      md5: c0c2d65c14a603e91e029fda3c344a5c.dir
      size: 522262
      nfiles: 2
  pre_processing:
    cmd: python src/data_prep.py
    deps:
    - path: data/raw
      hash: md5
      md5: c0c2d65c14a603e91e029fda3c344a5c.dir
      size: 522262
      nfiles: 2
    - path: src/data_prep.py
      hash: md5
      md5: 200f390c92a3594a13f409910c918692
      size: 2319
    outs:
    - path: data/processed_data
      hash: md5
      md5: e34c84b2d0f2a75442271cd6c5779b7c.dir
      size: 546895
      nfiles: 2
  model_building:
    cmd: python src/model_building.py
    deps:
    - path: data/processed_data
      hash: md5
      md5: e34c84b2d0f2a75442271cd6c5779b7c.dir
      size: 546895
      nfiles: 2
    - path: src/model_building.py
      hash: md5
      md5: 3fc33df0a13912c617d75c2ff283fb48
      size: 3211
    params:
      params.yaml:
        model_building.max_depth: None
        model_building.n_estimators: 1000
    outs:
    - path: models/model.pkl
      hash: md5
      md5: 6d2686f38d0df3067760ec4a84c3fdf6
      size: 73639909
  model_eval:
    cmd: python src/model_eval.py
    deps:
    - path: models/model.pkl
      hash: md5
      md5: 6d2686f38d0df3067760ec4a84c3fdf6
      size: 73639909
    - path: src/model_eval.py
      hash: md5
      md5: 1ea7c7d33e75d9f20155434b4a70d57e
      size: 5278
    outs:
    - path: reports/metrics.json
      hash: md5
      md5: 6c010fe828d95343eb6ff24496c3d930
      size: 138
    - path: reports/run_info.json
      hash: md5
      md5: b4fc1601fdf67932943d93ce646cfbcb
      size: 87
  pre_preprocessing:
    cmd: python src/data_prep.py
    deps:
    - path: data/raw
      hash: md5
      md5: c0c2d65c14a603e91e029fda3c344a5c.dir
      size: 522262
      nfiles: 2
    - path: src/data_prep.py
      hash: md5
      md5: 200f390c92a3594a13f409910c918692
      size: 2319
    outs:
    - path: data/processed_data
      hash: md5
      md5: e34c84b2d0f2a75442271cd6c5779b7c.dir
      size: 546895
      nfiles: 2
  model_registration:
    cmd: python src/model_reg.py
    deps:
    - path: reports/run_info.json
      hash: md5
      md5: b4fc1601fdf67932943d93ce646cfbcb
      size: 87
    - path: src/model_reg.py
      hash: md5
      md5: dccbdb631dfd39ce224d2d55a8fac5bc
      size: 1298
